
Microsoft Visual Studio Solution File, Format Version 12.00
# Visual Studio Version 16
VisualStudioVersion = 16.0.30002.166
MinimumVisualStudioVersion = 10.0.40219.1
Project("{FAE04EC0-301F-11D3-BF4B-00C04F79EFBC}") = "ComedyEvents", "ComedyEvents\ComedyEvents.csproj", "{CE5754A5-1497-41F3-A2A4-1CE11406DDA1}"
EndProject
Global
	GlobalSection(SolutionConfigurationPlatforms) = preSolution
		Debug|Any CPU = Debug|Any CPU
		Release|Any CPU = Release|Any CPU
	EndGlobalSection
	GlobalSection(ProjectConfigurationPlatforms) = postSolution
		{CE5754A5-1497-41F3-A2A4-1CE11406DDA1}.Debug|Any CPU.ActiveCfg = Debug|Any CPU
		{CE5754A5-1497-41F3-A2A4-1CE11406DDA1}.Debug|Any CPU.Build.0 = Debug|Any CPU
		{CE5754A5-1497-41F3-A2A4-1CE11406DDA1}.Release|Any CPU.ActiveCfg = Release|Any CPU
		{CE5754A5-1497-41F3-A2A4-1CE11406DDA1}.Release|Any CPU.Build.0 = Release|Any CPU
	EndGlobalSection
	GlobalSection(SolutionProperties) = preSolution
		HideSolutionNode = FALSE
	EndGlobalSection
	GlobalSection(ExtensibilityGlobals) = postSolution
		SolutionGuid = {9F2F7280-F7D6-46DE-9E2D-2AA81FF2F5D9}
	EndGlobalSection
EndGlobal
